
Microsoft Visual Studio Solution File, Format Version 12.00
# Visual Studio 15
VisualStudioVersion = 15.0.27428.2005
MinimumVisualStudioVersion = 10.0.40219.1
Project("{FAE04EC0-301F-11D3-BF4B-00C04F79EFBC}") = "Browser.WebApi", "Browser.WebApi\Browser.WebApi.csproj", "{D60AA0CE-DD8F-464C-8208-5002AD9E2F8C}"
EndProject
Project("{FAE04EC0-301F-11D3-BF4B-00C04F79EFBC}") = "Browser.Core", "Browser.Core\Browser.Core.csproj", "{1B5FFADE-F1AD-428D-8F7D-A5BA20E4260C}"
EndProject
Project("{FAE04EC0-301F-11D3-BF4B-00C04F79EFBC}") = "Browser.Core.Test", "Browser.Core.Test\Browser.Core.Test.csproj", "{D49B711D-AC68-4917-B34B-B65F32768B97}"
EndProject
Project("{FAE04EC0-301F-11D3-BF4B-00C04F79EFBC}") = "Browser.Background", "Browser.Background\Browser.Background.csproj", "{074AD0CB-F388-4B4A-AD6F-E5273B9E075A}"
EndProject
Global
	GlobalSection(SolutionConfigurationPlatforms) = preSolution
		Debug|Any CPU = Debug|Any CPU
		Release|Any CPU = Release|Any CPU
	EndGlobalSection
	GlobalSection(ProjectConfigurationPlatforms) = postSolution
		{D60AA0CE-DD8F-464C-8208-5002AD9E2F8C}.Debug|Any CPU.ActiveCfg = Debug|Any CPU
		{D60AA0CE-DD8F-464C-8208-5002AD9E2F8C}.Debug|Any CPU.Build.0 = Debug|Any CPU
		{D60AA0CE-DD8F-464C-8208-5002AD9E2F8C}.Release|Any CPU.ActiveCfg = Release|Any CPU
		{D60AA0CE-DD8F-464C-8208-5002AD9E2F8C}.Release|Any CPU.Build.0 = Release|Any CPU
		{1B5FFADE-F1AD-428D-8F7D-A5BA20E4260C}.Debug|Any CPU.ActiveCfg = Debug|Any CPU
		{1B5FFADE-F1AD-428D-8F7D-A5BA20E4260C}.Debug|Any CPU.Build.0 = Debug|Any CPU
		{1B5FFADE-F1AD-428D-8F7D-A5BA20E4260C}.Release|Any CPU.ActiveCfg = Release|Any CPU
		{1B5FFADE-F1AD-428D-8F7D-A5BA20E4260C}.Release|Any CPU.Build.0 = Release|Any CPU
		{D49B711D-AC68-4917-B34B-B65F32768B97}.Debug|Any CPU.ActiveCfg = Debug|Any CPU
		{D49B711D-AC68-4917-B34B-B65F32768B97}.Debug|Any CPU.Build.0 = Debug|Any CPU
		{D49B711D-AC68-4917-B34B-B65F32768B97}.Release|Any CPU.ActiveCfg = Release|Any CPU
		{D49B711D-AC68-4917-B34B-B65F32768B97}.Release|Any CPU.Build.0 = Release|Any CPU
		{074AD0CB-F388-4B4A-AD6F-E5273B9E075A}.Debug|Any CPU.ActiveCfg = Debug|Any CPU
		{074AD0CB-F388-4B4A-AD6F-E5273B9E075A}.Debug|Any CPU.Build.0 = Debug|Any CPU
		{074AD0CB-F388-4B4A-AD6F-E5273B9E075A}.Release|Any CPU.ActiveCfg = Release|Any CPU
		{074AD0CB-F388-4B4A-AD6F-E5273B9E075A}.Release|Any CPU.Build.0 = Release|Any CPU
	EndGlobalSection
	GlobalSection(SolutionProperties) = preSolution
		HideSolutionNode = FALSE
	EndGlobalSection
	GlobalSection(ExtensibilityGlobals) = postSolution
		SolutionGuid = {348E0E02-3313-45F2-BE62-F5ECC4ACA4A4}
	EndGlobalSection
EndGlobal
